
Microsoft Visual Studio Solution File, Format Version 12.00
# Visual Studio Version 17
VisualStudioVersion = 17.11.35222.181
MinimumVisualStudioVersion = 10.0.40219.1
Project("{FAE04EC0-301F-11D3-BF4B-00C04F79EFBC}") = "Week8EpicGameOT", "Week8EpicGameOT\Week8EpicGameOT.csproj", "{BE5B6AEF-94EA-434C-A3C5-DD4BBEFAE0A9}"
EndProject
Global
	GlobalSection(SolutionConfigurationPlatforms) = preSolution
		Debug|Any CPU = Debug|Any CPU
		Release|Any CPU = Release|Any CPU
	EndGlobalSection
	GlobalSection(ProjectConfigurationPlatforms) = postSolution
		{BE5B6AEF-94EA-434C-A3C5-DD4BBEFAE0A9}.Debug|Any CPU.ActiveCfg = Debug|Any CPU
		{BE5B6AEF-94EA-434C-A3C5-DD4BBEFAE0A9}.Debug|Any CPU.Build.0 = Debug|Any CPU
		{BE5B6AEF-94EA-434C-A3C5-DD4BBEFAE0A9}.Release|Any CPU.ActiveCfg = Release|Any CPU
		{BE5B6AEF-94EA-434C-A3C5-DD4BBEFAE0A9}.Release|Any CPU.Build.0 = Release|Any CPU
	EndGlobalSection
	GlobalSection(SolutionProperties) = preSolution
		HideSolutionNode = FALSE
	EndGlobalSection
	GlobalSection(ExtensibilityGlobals) = postSolution
		SolutionGuid = {F906DA6C-B399-46C5-837F-BADE0B6FE11A}
	EndGlobalSection
EndGlobal
